
Microsoft Visual Studio Solution File, Format Version 12.00
# Visual Studio 15
VisualStudioVersion = 15.0.27428.1
MinimumVisualStudioVersion = 10.0.40219.1
Project("{9A19103F-16F7-4668-BE54-9A1E7A4F7556}") = "PeopleApp", "PeopleApp\PeopleApp.csproj", "{928AA827-08A4-49CB-A233-3DB8A83393D3}"
EndProject
Project("{FAE04EC0-301F-11D3-BF4B-00C04F79EFBC}") = "Client", "Client\Client.csproj", "{F5DA1D9C-3126-415E-BD58-89F5B5F7A20F}"
EndProject
Project("{D954291E-2A0B-460D-934E-DC6B0785DB48}") = "Model", "Model\Model.shproj", "{C8F8ABB7-93D7-4BE3-98F0-BE50C6EFE38E}"
EndProject
Global
	GlobalSection(SharedMSBuildProjectFiles) = preSolution
		Model\Model.projitems*{c8f8abb7-93d7-4be3-98f0-be50c6efe38e}*SharedItemsImports = 13
	EndGlobalSection
	GlobalSection(SolutionConfigurationPlatforms) = preSolution
		Debug|Any CPU = Debug|Any CPU
		Release|Any CPU = Release|Any CPU
	EndGlobalSection
	GlobalSection(ProjectConfigurationPlatforms) = postSolution
		{928AA827-08A4-49CB-A233-3DB8A83393D3}.Debug|Any CPU.ActiveCfg = Debug|Any CPU
		{928AA827-08A4-49CB-A233-3DB8A83393D3}.Debug|Any CPU.Build.0 = Debug|Any CPU
		{928AA827-08A4-49CB-A233-3DB8A83393D3}.Release|Any CPU.ActiveCfg = Release|Any CPU
		{928AA827-08A4-49CB-A233-3DB8A83393D3}.Release|Any CPU.Build.0 = Release|Any CPU
		{F5DA1D9C-3126-415E-BD58-89F5B5F7A20F}.Debug|Any CPU.ActiveCfg = Debug|Any CPU
		{F5DA1D9C-3126-415E-BD58-89F5B5F7A20F}.Debug|Any CPU.Build.0 = Debug|Any CPU
		{F5DA1D9C-3126-415E-BD58-89F5B5F7A20F}.Release|Any CPU.ActiveCfg = Release|Any CPU
		{F5DA1D9C-3126-415E-BD58-89F5B5F7A20F}.Release|Any CPU.Build.0 = Release|Any CPU
	EndGlobalSection
	GlobalSection(SolutionProperties) = preSolution
		HideSolutionNode = FALSE
	EndGlobalSection
	GlobalSection(ExtensibilityGlobals) = postSolution
		SolutionGuid = {65AE7D7B-7F66-46D5-A1B0-B77FAE642899}
	EndGlobalSection
EndGlobal
