
Microsoft Visual Studio Solution File, Format Version 12.00
# Visual Studio 15
VisualStudioVersion = 15.0.27428.1
MinimumVisualStudioVersion = 10.0.40219.1
Project("{FAE04EC0-301F-11D3-BF4B-00C04F79EFBC}") = "XamarinClient.Android", "XamarinClient\XamarinClient.Android\XamarinClient.Android.csproj", "{1724B010-1EE9-4DA8-BA1C-AE4987FE8495}"
EndProject
Project("{FAE04EC0-301F-11D3-BF4B-00C04F79EFBC}") = "XamarinClient.iOS", "XamarinClient\XamarinClient.iOS\XamarinClient.iOS.csproj", "{2E792DF6-87C0-46FE-851F-5E495CFEAAA0}"
EndProject
Project("{FAE04EC0-301F-11D3-BF4B-00C04F79EFBC}") = "XamarinClient.UWP", "XamarinClient\XamarinClient.UWP\XamarinClient.UWP.csproj", "{D4F8C8E6-8158-4017-880B-C540A6B58439}"
EndProject
Project("{D954291E-2A0B-460D-934E-DC6B0785DB48}") = "XamarinClient", "XamarinClient\XamarinClient\XamarinClient.shproj", "{CBC15AB8-BB40-4F83-B8F8-A571CDD383D1}"
EndProject
Global
	GlobalSection(SharedMSBuildProjectFiles) = preSolution
		XamarinClient\XamarinClient\XamarinClient.projitems*{1724b010-1ee9-4da8-ba1c-ae4987fe8495}*SharedItemsImports = 4
		XamarinClient\XamarinClient\XamarinClient.projitems*{2e792df6-87c0-46fe-851f-5e495cfeaaa0}*SharedItemsImports = 4
		XamarinClient\XamarinClient\XamarinClient.projitems*{cbc15ab8-bb40-4f83-b8f8-a571cdd383d1}*SharedItemsImports = 13
		XamarinClient\XamarinClient\XamarinClient.projitems*{d4f8c8e6-8158-4017-880b-c540a6b58439}*SharedItemsImports = 4
	EndGlobalSection
	GlobalSection(SolutionConfigurationPlatforms) = preSolution
		Ad-Hoc|Any CPU = Ad-Hoc|Any CPU
		Ad-Hoc|ARM = Ad-Hoc|ARM
		Ad-Hoc|iPhone = Ad-Hoc|iPhone
		Ad-Hoc|iPhoneSimulator = Ad-Hoc|iPhoneSimulator
		Ad-Hoc|x64 = Ad-Hoc|x64
		Ad-Hoc|x86 = Ad-Hoc|x86
		AppStore|Any CPU = AppStore|Any CPU
		AppStore|ARM = AppStore|ARM
		AppStore|iPhone = AppStore|iPhone
		AppStore|iPhoneSimulator = AppStore|iPhoneSimulator
		AppStore|x64 = AppStore|x64
		AppStore|x86 = AppStore|x86
		Debug|Any CPU = Debug|Any CPU
		Debug|ARM = Debug|ARM
		Debug|iPhone = Debug|iPhone
		Debug|iPhoneSimulator = Debug|iPhoneSimulator
		Debug|x64 = Debug|x64
		Debug|x86 = Debug|x86
		Release|Any CPU = Release|Any CPU
		Release|ARM = Release|ARM
		Release|iPhone = Release|iPhone
		Release|iPhoneSimulator = Release|iPhoneSimulator
		Release|x64 = Release|x64
		Release|x86 = Release|x86
	EndGlobalSection
	GlobalSection(ProjectConfigurationPlatforms) = postSolution
		{1724B010-1EE9-4DA8-BA1C-AE4987FE8495}.Ad-Hoc|Any CPU.ActiveCfg = Release|Any CPU
		{1724B010-1EE9-4DA8-BA1C-AE4987FE8495}.Ad-Hoc|Any CPU.Build.0 = Release|Any CPU
		{1724B010-1EE9-4DA8-BA1C-AE4987FE8495}.Ad-Hoc|Any CPU.Deploy.0 = Release|Any CPU
		{1724B010-1EE9-4DA8-BA1C-AE4987FE8495}.Ad-Hoc|ARM.ActiveCfg = Release|Any CPU
		{1724B010-1EE9-4DA8-BA1C-AE4987FE8495}.Ad-Hoc|ARM.Build.0 = Release|Any CPU
		{1724B010-1EE9-4DA8-BA1C-AE4987FE8495}.Ad-Hoc|ARM.Deploy.0 = Release|Any CPU
		{1724B010-1EE9-4DA8-BA1C-AE4987FE8495}.Ad-Hoc|iPhone.ActiveCfg = Release|Any CPU
		{1724B010-1EE9-4DA8-BA1C-AE4987FE8495}.Ad-Hoc|iPhone.Build.0 = Release|Any CPU
		{1724B010-1EE9-4DA8-BA1C-AE4987FE8495}.Ad-Hoc|iPhone.Deploy.0 = Release|Any CPU
		{1724B010-1EE9-4DA8-BA1C-AE4987FE8495}.Ad-Hoc|iPhoneSimulator.ActiveCfg = Release|Any CPU
		{1724B010-1EE9-4DA8-BA1C-AE4987FE8495}.Ad-Hoc|iPhoneSimulator.Build.0 = Release|Any CPU
		{1724B010-1EE9-4DA8-BA1C-AE4987FE8495}.Ad-Hoc|iPhoneSimulator.Deploy.0 = Release|Any CPU
		{1724B010-1EE9-4DA8-BA1C-AE4987FE8495}.Ad-Hoc|x64.ActiveCfg = Release|Any CPU
		{1724B010-1EE9-4DA8-BA1C-AE4987FE8495}.Ad-Hoc|x64.Build.0 = Release|Any CPU
		{1724B010-1EE9-4DA8-BA1C-AE4987FE8495}.Ad-Hoc|x64.Deploy.0 = Release|Any CPU
		{1724B010-1EE9-4DA8-BA1C-AE4987FE8495}.Ad-Hoc|x86.ActiveCfg = Release|Any CPU
		{1724B010-1EE9-4DA8-BA1C-AE4987FE8495}.Ad-Hoc|x86.Build.0 = Release|Any CPU
		{1724B010-1EE9-4DA8-BA1C-AE4987FE8495}.Ad-Hoc|x86.Deploy.0 = Release|Any CPU
		{1724B010-1EE9-4DA8-BA1C-AE4987FE8495}.AppStore|Any CPU.ActiveCfg = Release|Any CPU
		{1724B010-1EE9-4DA8-BA1C-AE4987FE8495}.AppStore|Any CPU.Build.0 = Release|Any CPU
		{1724B010-1EE9-4DA8-BA1C-AE4987FE8495}.AppStore|Any CPU.Deploy.0 = Release|Any CPU
		{1724B010-1EE9-4DA8-BA1C-AE4987FE8495}.AppStore|ARM.ActiveCfg = Release|Any CPU
		{1724B010-1EE9-4DA8-BA1C-AE4987FE8495}.AppStore|ARM.Build.0 = Release|Any CPU
		{1724B010-1EE9-4DA8-BA1C-AE4987FE8495}.AppStore|ARM.Deploy.0 = Release|Any CPU
		{1724B010-1EE9-4DA8-BA1C-AE4987FE8495}.AppStore|iPhone.ActiveCfg = Release|Any CPU
		{1724B010-1EE9-4DA8-BA1C-AE4987FE8495}.AppStore|iPhone.Build.0 = Release|Any CPU
		{1724B010-1EE9-4DA8-BA1C-AE4987FE8495}.AppStore|iPhone.Deploy.0 = Release|Any CPU
		{1724B010-1EE9-4DA8-BA1C-AE4987FE8495}.AppStore|iPhoneSimulator.ActiveCfg = Release|Any CPU
		{1724B010-1EE9-4DA8-BA1C-AE4987FE8495}.AppStore|iPhoneSimulator.Build.0 = Release|Any CPU
		{1724B010-1EE9-4DA8-BA1C-AE4987FE8495}.AppStore|iPhoneSimulator.Deploy.0 = Release|Any CPU
		{1724B010-1EE9-4DA8-BA1C-AE4987FE8495}.AppStore|x64.ActiveCfg = Release|Any CPU
		{1724B010-1EE9-4DA8-BA1C-AE4987FE8495}.AppStore|x64.Build.0 = Release|Any CPU
		{1724B010-1EE9-4DA8-BA1C-AE4987FE8495}.AppStore|x64.Deploy.0 = Release|Any CPU
		{1724B010-1EE9-4DA8-BA1C-AE4987FE8495}.AppStore|x86.ActiveCfg = Release|Any CPU
		{1724B010-1EE9-4DA8-BA1C-AE4987FE8495}.AppStore|x86.Build.0 = Release|Any CPU
		{1724B010-1EE9-4DA8-BA1C-AE4987FE8495}.AppStore|x86.Deploy.0 = Release|Any CPU
		{1724B010-1EE9-4DA8-BA1C-AE4987FE8495}.Debug|Any CPU.ActiveCfg = Debug|Any CPU
		{1724B010-1EE9-4DA8-BA1C-AE4987FE8495}.Debug|Any CPU.Build.0 = Debug|Any CPU
		{1724B010-1EE9-4DA8-BA1C-AE4987FE8495}.Debug|Any CPU.Deploy.0 = Debug|Any CPU
		{1724B010-1EE9-4DA8-BA1C-AE4987FE8495}.Debug|ARM.ActiveCfg = Debug|Any CPU
		{1724B010-1EE9-4DA8-BA1C-AE4987FE8495}.Debug|ARM.Build.0 = Debug|Any CPU
		{1724B010-1EE9-4DA8-BA1C-AE4987FE8495}.Debug|ARM.Deploy.0 = Debug|Any CPU
		{1724B010-1EE9-4DA8-BA1C-AE4987FE8495}.Debug|iPhone.ActiveCfg = Debug|Any CPU
		{1724B010-1EE9-4DA8-BA1C-AE4987FE8495}.Debug|iPhone.Build.0 = Debug|Any CPU
		{1724B010-1EE9-4DA8-BA1C-AE4987FE8495}.Debug|iPhone.Deploy.0 = Debug|Any CPU
		{1724B010-1EE9-4DA8-BA1C-AE4987FE8495}.Debug|iPhoneSimulator.ActiveCfg = Debug|Any CPU
		{1724B010-1EE9-4DA8-BA1C-AE4987FE8495}.Debug|iPhoneSimulator.Build.0 = Debug|Any CPU
		{1724B010-1EE9-4DA8-BA1C-AE4987FE8495}.Debug|iPhoneSimulator.Deploy.0 = Debug|Any CPU
		{1724B010-1EE9-4DA8-BA1C-AE4987FE8495}.Debug|x64.ActiveCfg = Debug|Any CPU
		{1724B010-1EE9-4DA8-BA1C-AE4987FE8495}.Debug|x64.Build.0 = Debug|Any CPU
		{1724B010-1EE9-4DA8-BA1C-AE4987FE8495}.Debug|x64.Deploy.0 = Debug|Any CPU
		{1724B010-1EE9-4DA8-BA1C-AE4987FE8495}.Debug|x86.ActiveCfg = Debug|Any CPU
		{1724B010-1EE9-4DA8-BA1C-AE4987FE8495}.Debug|x86.Build.0 = Debug|Any CPU
		{1724B010-1EE9-4DA8-BA1C-AE4987FE8495}.Debug|x86.Deploy.0 = Debug|Any CPU
		{1724B010-1EE9-4DA8-BA1C-AE4987FE8495}.Release|Any CPU.ActiveCfg = Release|Any CPU
		{1724B010-1EE9-4DA8-BA1C-AE4987FE8495}.Release|Any CPU.Build.0 = Release|Any CPU
		{1724B010-1EE9-4DA8-BA1C-AE4987FE8495}.Release|Any CPU.Deploy.0 = Release|Any CPU
		{1724B010-1EE9-4DA8-BA1C-AE4987FE8495}.Release|ARM.ActiveCfg = Release|Any CPU
		{1724B010-1EE9-4DA8-BA1C-AE4987FE8495}.Release|ARM.Build.0 = Release|Any CPU
		{1724B010-1EE9-4DA8-BA1C-AE4987FE8495}.Release|ARM.Deploy.0 = Release|Any CPU
		{1724B010-1EE9-4DA8-BA1C-AE4987FE8495}.Release|iPhone.ActiveCfg = Release|Any CPU
		{1724B010-1EE9-4DA8-BA1C-AE4987FE8495}.Release|iPhone.Build.0 = Release|Any CPU
		{1724B010-1EE9-4DA8-BA1C-AE4987FE8495}.Release|iPhone.Deploy.0 = Release|Any CPU
		{1724B010-1EE9-4DA8-BA1C-AE4987FE8495}.Release|iPhoneSimulator.ActiveCfg = Release|Any CPU
		{1724B010-1EE9-4DA8-BA1C-AE4987FE8495}.Release|iPhoneSimulator.Build.0 = Release|Any CPU
		{1724B010-1EE9-4DA8-BA1C-AE4987FE8495}.Release|iPhoneSimulator.Deploy.0 = Release|Any CPU
		{1724B010-1EE9-4DA8-BA1C-AE4987FE8495}.Release|x64.ActiveCfg = Release|Any CPU
		{1724B010-1EE9-4DA8-BA1C-AE4987FE8495}.Release|x64.Build.0 = Release|Any CPU
		{1724B010-1EE9-4DA8-BA1C-AE4987FE8495}.Release|x64.Deploy.0 = Release|Any CPU
		{1724B010-1EE9-4DA8-BA1C-AE4987FE8495}.Release|x86.ActiveCfg = Release|Any CPU
		{1724B010-1EE9-4DA8-BA1C-AE4987FE8495}.Release|x86.Build.0 = Release|Any CPU
		{1724B010-1EE9-4DA8-BA1C-AE4987FE8495}.Release|x86.Deploy.0 = Release|Any CPU
		{2E792DF6-87C0-46FE-851F-5E495CFEAAA0}.Ad-Hoc|Any CPU.ActiveCfg = Ad-Hoc|iPhone
		{2E792DF6-87C0-46FE-851F-5E495CFEAAA0}.Ad-Hoc|ARM.ActiveCfg = Ad-Hoc|iPhone
		{2E792DF6-87C0-46FE-851F-5E495CFEAAA0}.Ad-Hoc|iPhone.ActiveCfg = Ad-Hoc|iPhone
		{2E792DF6-87C0-46FE-851F-5E495CFEAAA0}.Ad-Hoc|iPhone.Build.0 = Ad-Hoc|iPhone
		{2E792DF6-87C0-46FE-851F-5E495CFEAAA0}.Ad-Hoc|iPhoneSimulator.ActiveCfg = Ad-Hoc|iPhoneSimulator
		{2E792DF6-87C0-46FE-851F-5E495CFEAAA0}.Ad-Hoc|iPhoneSimulator.Build.0 = Ad-Hoc|iPhoneSimulator
		{2E792DF6-87C0-46FE-851F-5E495CFEAAA0}.Ad-Hoc|x64.ActiveCfg = Ad-Hoc|iPhone
		{2E792DF6-87C0-46FE-851F-5E495CFEAAA0}.Ad-Hoc|x86.ActiveCfg = Ad-Hoc|iPhone
		{2E792DF6-87C0-46FE-851F-5E495CFEAAA0}.AppStore|Any CPU.ActiveCfg = AppStore|iPhone
		{2E792DF6-87C0-46FE-851F-5E495CFEAAA0}.AppStore|ARM.ActiveCfg = AppStore|iPhone
		{2E792DF6-87C0-46FE-851F-5E495CFEAAA0}.AppStore|iPhone.ActiveCfg = AppStore|iPhone
		{2E792DF6-87C0-46FE-851F-5E495CFEAAA0}.AppStore|iPhone.Build.0 = AppStore|iPhone
		{2E792DF6-87C0-46FE-851F-5E495CFEAAA0}.AppStore|iPhoneSimulator.ActiveCfg = AppStore|iPhoneSimulator
		{2E792DF6-87C0-46FE-851F-5E495CFEAAA0}.AppStore|iPhoneSimulator.Build.0 = AppStore|iPhoneSimulator
		{2E792DF6-87C0-46FE-851F-5E495CFEAAA0}.AppStore|x64.ActiveCfg = AppStore|iPhone
		{2E792DF6-87C0-46FE-851F-5E495CFEAAA0}.AppStore|x86.ActiveCfg = AppStore|iPhone
		{2E792DF6-87C0-46FE-851F-5E495CFEAAA0}.Debug|Any CPU.ActiveCfg = Debug|iPhone
		{2E792DF6-87C0-46FE-851F-5E495CFEAAA0}.Debug|ARM.ActiveCfg = Debug|iPhone
		{2E792DF6-87C0-46FE-851F-5E495CFEAAA0}.Debug|iPhone.ActiveCfg = Debug|iPhone
		{2E792DF6-87C0-46FE-851F-5E495CFEAAA0}.Debug|iPhone.Build.0 = Debug|iPhone
		{2E792DF6-87C0-46FE-851F-5E495CFEAAA0}.Debug|iPhoneSimulator.ActiveCfg = Debug|iPhoneSimulator
		{2E792DF6-87C0-46FE-851F-5E495CFEAAA0}.Debug|iPhoneSimulator.Build.0 = Debug|iPhoneSimulator
		{2E792DF6-87C0-46FE-851F-5E495CFEAAA0}.Debug|x64.ActiveCfg = Debug|iPhone
		{2E792DF6-87C0-46FE-851F-5E495CFEAAA0}.Debug|x86.ActiveCfg = Debug|iPhone
		{2E792DF6-87C0-46FE-851F-5E495CFEAAA0}.Release|Any CPU.ActiveCfg = Release|iPhone
		{2E792DF6-87C0-46FE-851F-5E495CFEAAA0}.Release|ARM.ActiveCfg = Release|iPhone
		{2E792DF6-87C0-46FE-851F-5E495CFEAAA0}.Release|iPhone.ActiveCfg = Release|iPhone
		{2E792DF6-87C0-46FE-851F-5E495CFEAAA0}.Release|iPhone.Build.0 = Release|iPhone
		{2E792DF6-87C0-46FE-851F-5E495CFEAAA0}.Release|iPhoneSimulator.ActiveCfg = Release|iPhoneSimulator
		{2E792DF6-87C0-46FE-851F-5E495CFEAAA0}.Release|iPhoneSimulator.Build.0 = Release|iPhoneSimulator
		{2E792DF6-87C0-46FE-851F-5E495CFEAAA0}.Release|x64.ActiveCfg = Release|iPhone
		{2E792DF6-87C0-46FE-851F-5E495CFEAAA0}.Release|x86.ActiveCfg = Release|iPhone
		{D4F8C8E6-8158-4017-880B-C540A6B58439}.Ad-Hoc|Any CPU.ActiveCfg = Release|x86
		{D4F8C8E6-8158-4017-880B-C540A6B58439}.Ad-Hoc|Any CPU.Build.0 = Release|x86
		{D4F8C8E6-8158-4017-880B-C540A6B58439}.Ad-Hoc|Any CPU.Deploy.0 = Release|x86
		{D4F8C8E6-8158-4017-880B-C540A6B58439}.Ad-Hoc|ARM.ActiveCfg = Release|ARM
		{D4F8C8E6-8158-4017-880B-C540A6B58439}.Ad-Hoc|ARM.Build.0 = Release|ARM
		{D4F8C8E6-8158-4017-880B-C540A6B58439}.Ad-Hoc|ARM.Deploy.0 = Release|ARM
		{D4F8C8E6-8158-4017-880B-C540A6B58439}.Ad-Hoc|iPhone.ActiveCfg = Release|x86
		{D4F8C8E6-8158-4017-880B-C540A6B58439}.Ad-Hoc|iPhone.Build.0 = Release|x86
		{D4F8C8E6-8158-4017-880B-C540A6B58439}.Ad-Hoc|iPhone.Deploy.0 = Release|x86
		{D4F8C8E6-8158-4017-880B-C540A6B58439}.Ad-Hoc|iPhoneSimulator.ActiveCfg = Release|x86
		{D4F8C8E6-8158-4017-880B-C540A6B58439}.Ad-Hoc|iPhoneSimulator.Build.0 = Release|x86
		{D4F8C8E6-8158-4017-880B-C540A6B58439}.Ad-Hoc|iPhoneSimulator.Deploy.0 = Release|x86
		{D4F8C8E6-8158-4017-880B-C540A6B58439}.Ad-Hoc|x64.ActiveCfg = Release|x64
		{D4F8C8E6-8158-4017-880B-C540A6B58439}.Ad-Hoc|x64.Build.0 = Release|x64
		{D4F8C8E6-8158-4017-880B-C540A6B58439}.Ad-Hoc|x64.Deploy.0 = Release|x64
		{D4F8C8E6-8158-4017-880B-C540A6B58439}.Ad-Hoc|x86.ActiveCfg = Release|x86
		{D4F8C8E6-8158-4017-880B-C540A6B58439}.Ad-Hoc|x86.Build.0 = Release|x86
		{D4F8C8E6-8158-4017-880B-C540A6B58439}.Ad-Hoc|x86.Deploy.0 = Release|x86
		{D4F8C8E6-8158-4017-880B-C540A6B58439}.AppStore|Any CPU.ActiveCfg = Release|x86
		{D4F8C8E6-8158-4017-880B-C540A6B58439}.AppStore|Any CPU.Build.0 = Release|x86
		{D4F8C8E6-8158-4017-880B-C540A6B58439}.AppStore|Any CPU.Deploy.0 = Release|x86
		{D4F8C8E6-8158-4017-880B-C540A6B58439}.AppStore|ARM.ActiveCfg = Release|ARM
		{D4F8C8E6-8158-4017-880B-C540A6B58439}.AppStore|ARM.Build.0 = Release|ARM
		{D4F8C8E6-8158-4017-880B-C540A6B58439}.AppStore|ARM.Deploy.0 = Release|ARM
		{D4F8C8E6-8158-4017-880B-C540A6B58439}.AppStore|iPhone.ActiveCfg = Release|x86
		{D4F8C8E6-8158-4017-880B-C540A6B58439}.AppStore|iPhone.Build.0 = Release|x86
		{D4F8C8E6-8158-4017-880B-C540A6B58439}.AppStore|iPhone.Deploy.0 = Release|x86
		{D4F8C8E6-8158-4017-880B-C540A6B58439}.AppStore|iPhoneSimulator.ActiveCfg = Release|x86
		{D4F8C8E6-8158-4017-880B-C540A6B58439}.AppStore|iPhoneSimulator.Build.0 = Release|x86
		{D4F8C8E6-8158-4017-880B-C540A6B58439}.AppStore|iPhoneSimulator.Deploy.0 = Release|x86
		{D4F8C8E6-8158-4017-880B-C540A6B58439}.AppStore|x64.ActiveCfg = Release|x64
		{D4F8C8E6-8158-4017-880B-C540A6B58439}.AppStore|x64.Build.0 = Release|x64
		{D4F8C8E6-8158-4017-880B-C540A6B58439}.AppStore|x64.Deploy.0 = Release|x64
		{D4F8C8E6-8158-4017-880B-C540A6B58439}.AppStore|x86.ActiveCfg = Release|x86
		{D4F8C8E6-8158-4017-880B-C540A6B58439}.AppStore|x86.Build.0 = Release|x86
		{D4F8C8E6-8158-4017-880B-C540A6B58439}.AppStore|x86.Deploy.0 = Release|x86
		{D4F8C8E6-8158-4017-880B-C540A6B58439}.Debug|Any CPU.ActiveCfg = Debug|x86
		{D4F8C8E6-8158-4017-880B-C540A6B58439}.Debug|ARM.ActiveCfg = Debug|ARM
		{D4F8C8E6-8158-4017-880B-C540A6B58439}.Debug|ARM.Build.0 = Debug|ARM
		{D4F8C8E6-8158-4017-880B-C540A6B58439}.Debug|ARM.Deploy.0 = Debug|ARM
		{D4F8C8E6-8158-4017-880B-C540A6B58439}.Debug|iPhone.ActiveCfg = Debug|x86
		{D4F8C8E6-8158-4017-880B-C540A6B58439}.Debug|iPhoneSimulator.ActiveCfg = Debug|x86
		{D4F8C8E6-8158-4017-880B-C540A6B58439}.Debug|x64.ActiveCfg = Debug|x64
		{D4F8C8E6-8158-4017-880B-C540A6B58439}.Debug|x64.Build.0 = Debug|x64
		{D4F8C8E6-8158-4017-880B-C540A6B58439}.Debug|x64.Deploy.0 = Debug|x64
		{D4F8C8E6-8158-4017-880B-C540A6B58439}.Debug|x86.ActiveCfg = Debug|x86
		{D4F8C8E6-8158-4017-880B-C540A6B58439}.Debug|x86.Build.0 = Debug|x86
		{D4F8C8E6-8158-4017-880B-C540A6B58439}.Debug|x86.Deploy.0 = Debug|x86
		{D4F8C8E6-8158-4017-880B-C540A6B58439}.Release|Any CPU.ActiveCfg = Release|x86
		{D4F8C8E6-8158-4017-880B-C540A6B58439}.Release|ARM.ActiveCfg = Release|ARM
		{D4F8C8E6-8158-4017-880B-C540A6B58439}.Release|ARM.Build.0 = Release|ARM
		{D4F8C8E6-8158-4017-880B-C540A6B58439}.Release|ARM.Deploy.0 = Release|ARM
		{D4F8C8E6-8158-4017-880B-C540A6B58439}.Release|iPhone.ActiveCfg = Release|x86
		{D4F8C8E6-8158-4017-880B-C540A6B58439}.Release|iPhoneSimulator.ActiveCfg = Release|x86
		{D4F8C8E6-8158-4017-880B-C540A6B58439}.Release|x64.ActiveCfg = Release|x64
		{D4F8C8E6-8158-4017-880B-C540A6B58439}.Release|x64.Build.0 = Release|x64
		{D4F8C8E6-8158-4017-880B-C540A6B58439}.Release|x64.Deploy.0 = Release|x64
		{D4F8C8E6-8158-4017-880B-C540A6B58439}.Release|x86.ActiveCfg = Release|x86
		{D4F8C8E6-8158-4017-880B-C540A6B58439}.Release|x86.Build.0 = Release|x86
		{D4F8C8E6-8158-4017-880B-C540A6B58439}.Release|x86.Deploy.0 = Release|x86
	EndGlobalSection
	GlobalSection(SolutionProperties) = preSolution
		HideSolutionNode = FALSE
	EndGlobalSection
	GlobalSection(ExtensibilityGlobals) = postSolution
		SolutionGuid = {DBDFBDC9-10CB-414D-A994-8E5B1C9A6524}
	EndGlobalSection
EndGlobal
